
Microsoft Visual Studio Solution File, Format Version 12.00
# Visual Studio Version 17
VisualStudioVersion = 17.3.32929.385
MinimumVisualStudioVersion = 10.0.40219.1
Project("{9A19103F-16F7-4668-BE54-9A1E7A4F7556}") = "AppCenterDownloadAppGetAppInfo", "AppCenterDownloadAppGetAppInfo\AppCenterDownloadAppGetAppInfo.csproj", "{F2B9D596-34C7-46F4-813D-7CE035F12BE2}"
EndProject
Project("{FAE04EC0-301F-11D3-BF4B-00C04F79EFBC}") = "UnitTest", "UnitTest\UnitTest.csproj", "{7DC78B59-5AA5-4898-BCCD-E86AA0C77C97}"
EndProject
Global
	GlobalSection(SolutionConfigurationPlatforms) = preSolution
		Debug|Any CPU = Debug|Any CPU
		Release|Any CPU = Release|Any CPU
	EndGlobalSection
	GlobalSection(ProjectConfigurationPlatforms) = postSolution
		{F2B9D596-34C7-46F4-813D-7CE035F12BE2}.Debug|Any CPU.ActiveCfg = Release|Any CPU
		{F2B9D596-34C7-46F4-813D-7CE035F12BE2}.Debug|Any CPU.Build.0 = Release|Any CPU
		{F2B9D596-34C7-46F4-813D-7CE035F12BE2}.Release|Any CPU.ActiveCfg = Release|Any CPU
		{F2B9D596-34C7-46F4-813D-7CE035F12BE2}.Release|Any CPU.Build.0 = Release|Any CPU
		{7DC78B59-5AA5-4898-BCCD-E86AA0C77C97}.Debug|Any CPU.ActiveCfg = Debug|Any CPU
		{7DC78B59-5AA5-4898-BCCD-E86AA0C77C97}.Debug|Any CPU.Build.0 = Debug|Any CPU
		{7DC78B59-5AA5-4898-BCCD-E86AA0C77C97}.Release|Any CPU.ActiveCfg = Release|Any CPU
		{7DC78B59-5AA5-4898-BCCD-E86AA0C77C97}.Release|Any CPU.Build.0 = Release|Any CPU
	EndGlobalSection
	GlobalSection(SolutionProperties) = preSolution
		HideSolutionNode = FALSE
	EndGlobalSection
	GlobalSection(ExtensibilityGlobals) = postSolution
		SolutionGuid = {A3B29CD2-E721-4736-BE1E-2A89786EE999}
	EndGlobalSection
EndGlobal
